
Microsoft Visual Studio Solution File, Format Version 12.00
# Visual Studio Version 16
VisualStudioVersion = 16.0.30011.22
MinimumVisualStudioVersion = 10.0.40219.1
Project("{9A19103F-16F7-4668-BE54-9A1E7A4F7556}") = "StreamsFilesDirectories", "StreamsFilesDirectories\StreamsFilesDirectories.csproj", "{A6DF2B80-D5C7-4140-BC01-B8D19FF90BBF}"
EndProject
Project("{9A19103F-16F7-4668-BE54-9A1E7A4F7556}") = "BinaryReader", "BinaryReader\BinaryReader.csproj", "{9B25E842-7D61-4DBD-AFC6-89056B16B524}"
EndProject
Project("{9A19103F-16F7-4668-BE54-9A1E7A4F7556}") = "1.OddLines", "1.OddLines\1.OddLines.csproj", "{2ABD77D8-37D1-4A3D-96CA-E3D691073DD3}"
EndProject
Project("{9A19103F-16F7-4668-BE54-9A1E7A4F7556}") = "2.LineNumbers", "2.LineNumbers\2.LineNumbers.csproj", "{50185F92-FE62-42DE-B419-34958DF39A9C}"
EndProject
Project("{9A19103F-16F7-4668-BE54-9A1E7A4F7556}") = "StreamsDemo", "StreamsDemo\StreamsDemo.csproj", "{3F0FDCC0-51D7-455D-A987-FE29D5A3443F}"
EndProject
Project("{FAE04EC0-301F-11D3-BF4B-00C04F79EFBC}") = "streamsSecondDemo", "streamsSecondDemo\streamsSecondDemo.csproj", "{0C2A4CEA-7596-4944-AD67-9E20B0330CAB}"
EndProject
Project("{FAE04EC0-301F-11D3-BF4B-00C04F79EFBC}") = "ReadStringAsByte", "ReadStringAsByte\ReadStringAsByte.csproj", "{7B6D12EC-336C-4F92-B78B-C32A22B508D1}"
EndProject
Project("{FAE04EC0-301F-11D3-BF4B-00C04F79EFBC}") = "4.SliceFile", "4.SliceFile\4.SliceFile.csproj", "{BC149202-7CCD-43F9-BA94-DCC0C6D7751D}"
EndProject
Project("{FAE04EC0-301F-11D3-BF4B-00C04F79EFBC}") = "FileApi", "FileApi\FileApi.csproj", "{0FAA09FA-EDC3-4A47-8AB7-27AE2863B94B}"
EndProject
Project("{FAE04EC0-301F-11D3-BF4B-00C04F79EFBC}") = "Directories", "Directories\Directories.csproj", "{30109EB7-5AD8-44A0-86B4-6EF32DF0133D}"
EndProject
Project("{FAE04EC0-301F-11D3-BF4B-00C04F79EFBC}") = "3.WordCount", "3.WordCount\3.WordCount.csproj", "{B609B61B-2EFE-4D1E-A58C-948496DECDB2}"
EndProject
Global
	GlobalSection(SolutionConfigurationPlatforms) = preSolution
		Debug|Any CPU = Debug|Any CPU
		Release|Any CPU = Release|Any CPU
	EndGlobalSection
	GlobalSection(ProjectConfigurationPlatforms) = postSolution
		{A6DF2B80-D5C7-4140-BC01-B8D19FF90BBF}.Debug|Any CPU.ActiveCfg = Debug|Any CPU
		{A6DF2B80-D5C7-4140-BC01-B8D19FF90BBF}.Debug|Any CPU.Build.0 = Debug|Any CPU
		{A6DF2B80-D5C7-4140-BC01-B8D19FF90BBF}.Release|Any CPU.ActiveCfg = Release|Any CPU
		{A6DF2B80-D5C7-4140-BC01-B8D19FF90BBF}.Release|Any CPU.Build.0 = Release|Any CPU
		{9B25E842-7D61-4DBD-AFC6-89056B16B524}.Debug|Any CPU.ActiveCfg = Debug|Any CPU
		{9B25E842-7D61-4DBD-AFC6-89056B16B524}.Debug|Any CPU.Build.0 = Debug|Any CPU
		{9B25E842-7D61-4DBD-AFC6-89056B16B524}.Release|Any CPU.ActiveCfg = Release|Any CPU
		{9B25E842-7D61-4DBD-AFC6-89056B16B524}.Release|Any CPU.Build.0 = Release|Any CPU
		{2ABD77D8-37D1-4A3D-96CA-E3D691073DD3}.Debug|Any CPU.ActiveCfg = Debug|Any CPU
		{2ABD77D8-37D1-4A3D-96CA-E3D691073DD3}.Debug|Any CPU.Build.0 = Debug|Any CPU
		{2ABD77D8-37D1-4A3D-96CA-E3D691073DD3}.Release|Any CPU.ActiveCfg = Release|Any CPU
		{2ABD77D8-37D1-4A3D-96CA-E3D691073DD3}.Release|Any CPU.Build.0 = Release|Any CPU
		{50185F92-FE62-42DE-B419-34958DF39A9C}.Debug|Any CPU.ActiveCfg = Debug|Any CPU
		{50185F92-FE62-42DE-B419-34958DF39A9C}.Debug|Any CPU.Build.0 = Debug|Any CPU
		{50185F92-FE62-42DE-B419-34958DF39A9C}.Release|Any CPU.ActiveCfg = Release|Any CPU
		{50185F92-FE62-42DE-B419-34958DF39A9C}.Release|Any CPU.Build.0 = Release|Any CPU
		{3F0FDCC0-51D7-455D-A987-FE29D5A3443F}.Debug|Any CPU.ActiveCfg = Debug|Any CPU
		{3F0FDCC0-51D7-455D-A987-FE29D5A3443F}.Debug|Any CPU.Build.0 = Debug|Any CPU
		{3F0FDCC0-51D7-455D-A987-FE29D5A3443F}.Release|Any CPU.ActiveCfg = Release|Any CPU
		{3F0FDCC0-51D7-455D-A987-FE29D5A3443F}.Release|Any CPU.Build.0 = Release|Any CPU
		{0C2A4CEA-7596-4944-AD67-9E20B0330CAB}.Debug|Any CPU.ActiveCfg = Debug|Any CPU
		{0C2A4CEA-7596-4944-AD67-9E20B0330CAB}.Debug|Any CPU.Build.0 = Debug|Any CPU
		{0C2A4CEA-7596-4944-AD67-9E20B0330CAB}.Release|Any CPU.ActiveCfg = Release|Any CPU
		{0C2A4CEA-7596-4944-AD67-9E20B0330CAB}.Release|Any CPU.Build.0 = Release|Any CPU
		{7B6D12EC-336C-4F92-B78B-C32A22B508D1}.Debug|Any CPU.ActiveCfg = Debug|Any CPU
		{7B6D12EC-336C-4F92-B78B-C32A22B508D1}.Debug|Any CPU.Build.0 = Debug|Any CPU
		{7B6D12EC-336C-4F92-B78B-C32A22B508D1}.Release|Any CPU.ActiveCfg = Release|Any CPU
		{7B6D12EC-336C-4F92-B78B-C32A22B508D1}.Release|Any CPU.Build.0 = Release|Any CPU
		{BC149202-7CCD-43F9-BA94-DCC0C6D7751D}.Debug|Any CPU.ActiveCfg = Debug|Any CPU
		{BC149202-7CCD-43F9-BA94-DCC0C6D7751D}.Debug|Any CPU.Build.0 = Debug|Any CPU
		{BC149202-7CCD-43F9-BA94-DCC0C6D7751D}.Release|Any CPU.ActiveCfg = Release|Any CPU
		{BC149202-7CCD-43F9-BA94-DCC0C6D7751D}.Release|Any CPU.Build.0 = Release|Any CPU
		{0FAA09FA-EDC3-4A47-8AB7-27AE2863B94B}.Debug|Any CPU.ActiveCfg = Debug|Any CPU
		{0FAA09FA-EDC3-4A47-8AB7-27AE2863B94B}.Debug|Any CPU.Build.0 = Debug|Any CPU
		{0FAA09FA-EDC3-4A47-8AB7-27AE2863B94B}.Release|Any CPU.ActiveCfg = Release|Any CPU
		{0FAA09FA-EDC3-4A47-8AB7-27AE2863B94B}.Release|Any CPU.Build.0 = Release|Any CPU
		{30109EB7-5AD8-44A0-86B4-6EF32DF0133D}.Debug|Any CPU.ActiveCfg = Debug|Any CPU
		{30109EB7-5AD8-44A0-86B4-6EF32DF0133D}.Debug|Any CPU.Build.0 = Debug|Any CPU
		{30109EB7-5AD8-44A0-86B4-6EF32DF0133D}.Release|Any CPU.ActiveCfg = Release|Any CPU
		{30109EB7-5AD8-44A0-86B4-6EF32DF0133D}.Release|Any CPU.Build.0 = Release|Any CPU
		{B609B61B-2EFE-4D1E-A58C-948496DECDB2}.Debug|Any CPU.ActiveCfg = Debug|Any CPU
		{B609B61B-2EFE-4D1E-A58C-948496DECDB2}.Debug|Any CPU.Build.0 = Debug|Any CPU
		{B609B61B-2EFE-4D1E-A58C-948496DECDB2}.Release|Any CPU.ActiveCfg = Release|Any CPU
		{B609B61B-2EFE-4D1E-A58C-948496DECDB2}.Release|Any CPU.Build.0 = Release|Any CPU
	EndGlobalSection
	GlobalSection(SolutionProperties) = preSolution
		HideSolutionNode = FALSE
	EndGlobalSection
	GlobalSection(ExtensibilityGlobals) = postSolution
		SolutionGuid = {45F4FDF9-7BA7-4E40-99CB-9A37B4DA16F4}
	EndGlobalSection
EndGlobal
