
Microsoft Visual Studio Solution File, Format Version 12.00
# Visual Studio Version 16
VisualStudioVersion = 16.0.30011.22
MinimumVisualStudioVersion = 10.0.40219.1
Project("{FAE04EC0-301F-11D3-BF4B-00C04F79EFBC}") = "StreamsFilesDirectories", "StreamsFilesDirectories\StreamsFilesDirectories.csproj", "{A6DF2B80-D5C7-4140-BC01-B8D19FF90BBF}"
EndProject
Project("{FAE04EC0-301F-11D3-BF4B-00C04F79EFBC}") = "BinaryReader", "BinaryReader\BinaryReader.csproj", "{9B25E842-7D61-4DBD-AFC6-89056B16B524}"
EndProject
Project("{FAE04EC0-301F-11D3-BF4B-00C04F79EFBC}") = "1.OddLines", "1.OddLines\1.OddLines.csproj", "{2ABD77D8-37D1-4A3D-96CA-E3D691073DD3}"
EndProject
Project("{FAE04EC0-301F-11D3-BF4B-00C04F79EFBC}") = "2.LineNumbers", "2.LineNumbers\2.LineNumbers.csproj", "{50185F92-FE62-42DE-B419-34958DF39A9C}"
EndProject
Global
	GlobalSection(SolutionConfigurationPlatforms) = preSolution
		Debug|Any CPU = Debug|Any CPU
		Release|Any CPU = Release|Any CPU
	EndGlobalSection
	GlobalSection(ProjectConfigurationPlatforms) = postSolution
		{A6DF2B80-D5C7-4140-BC01-B8D19FF90BBF}.Debug|Any CPU.ActiveCfg = Debug|Any CPU
		{A6DF2B80-D5C7-4140-BC01-B8D19FF90BBF}.Debug|Any CPU.Build.0 = Debug|Any CPU
		{A6DF2B80-D5C7-4140-BC01-B8D19FF90BBF}.Release|Any CPU.ActiveCfg = Release|Any CPU
		{A6DF2B80-D5C7-4140-BC01-B8D19FF90BBF}.Release|Any CPU.Build.0 = Release|Any CPU
		{9B25E842-7D61-4DBD-AFC6-89056B16B524}.Debug|Any CPU.ActiveCfg = Debug|Any CPU
		{9B25E842-7D61-4DBD-AFC6-89056B16B524}.Debug|Any CPU.Build.0 = Debug|Any CPU
		{9B25E842-7D61-4DBD-AFC6-89056B16B524}.Release|Any CPU.ActiveCfg = Release|Any CPU
		{9B25E842-7D61-4DBD-AFC6-89056B16B524}.Release|Any CPU.Build.0 = Release|Any CPU
		{2ABD77D8-37D1-4A3D-96CA-E3D691073DD3}.Debug|Any CPU.ActiveCfg = Debug|Any CPU
		{2ABD77D8-37D1-4A3D-96CA-E3D691073DD3}.Debug|Any CPU.Build.0 = Debug|Any CPU
		{2ABD77D8-37D1-4A3D-96CA-E3D691073DD3}.Release|Any CPU.ActiveCfg = Release|Any CPU
		{2ABD77D8-37D1-4A3D-96CA-E3D691073DD3}.Release|Any CPU.Build.0 = Release|Any CPU
		{50185F92-FE62-42DE-B419-34958DF39A9C}.Debug|Any CPU.ActiveCfg = Debug|Any CPU
		{50185F92-FE62-42DE-B419-34958DF39A9C}.Debug|Any CPU.Build.0 = Debug|Any CPU
		{50185F92-FE62-42DE-B419-34958DF39A9C}.Release|Any CPU.ActiveCfg = Release|Any CPU
		{50185F92-FE62-42DE-B419-34958DF39A9C}.Release|Any CPU.Build.0 = Release|Any CPU
	EndGlobalSection
	GlobalSection(SolutionProperties) = preSolution
		HideSolutionNode = FALSE
	EndGlobalSection
	GlobalSection(ExtensibilityGlobals) = postSolution
		SolutionGuid = {45F4FDF9-7BA7-4E40-99CB-9A37B4DA16F4}
	EndGlobalSection
EndGlobal
