
Microsoft Visual Studio Solution File, Format Version 12.00
# Visual Studio Version 16
VisualStudioVersion = 16.0.30011.22
MinimumVisualStudioVersion = 10.0.40219.1
Project("{9A19103F-16F7-4668-BE54-9A1E7A4F7556}") = "FunctionalProgramming", "FunctionalProgramming\FunctionalProgramming.csproj", "{D76254B8-4C2E-4C81-8775-76A92CCD7F01}"
EndProject
Project("{9A19103F-16F7-4668-BE54-9A1E7A4F7556}") = "Lambda", "Lamda\Lambda.csproj", "{6C8DDCEB-8806-4BB4-BA99-67EF79916B06}"
EndProject
Project("{9A19103F-16F7-4668-BE54-9A1E7A4F7556}") = "1.SortEvenNumber", "1.SortEvenNumber\1.SortEvenNumber.csproj", "{77F5CBCC-AA4A-47D7-925E-3BC5B8F9170F}"
EndProject
Project("{9A19103F-16F7-4668-BE54-9A1E7A4F7556}") = "Delegates", "Delegates\Delegates.csproj", "{2060A3C2-D844-4871-93A9-4EDB10CA5BC2}"
EndProject
Project("{9A19103F-16F7-4668-BE54-9A1E7A4F7556}") = "Actions", "Actions\Actions.csproj", "{555EDBBE-26F9-43A1-8086-0AF216884EED}"
EndProject
Project("{9A19103F-16F7-4668-BE54-9A1E7A4F7556}") = "2.SumNumbers", "2.SumNumbers\2.SumNumbers.csproj", "{2E9BFE05-E2FD-4900-A777-87B094DB490C}"
EndProject
Project("{9A19103F-16F7-4668-BE54-9A1E7A4F7556}") = "2.SumNumbers2", "2.SumNumbers2\2.SumNumbers2.csproj", "{90E6D75D-CC9D-4CF0-BFEC-FE8DA99B78AF}"
EndProject
Project("{9A19103F-16F7-4668-BE54-9A1E7A4F7556}") = "3.CountUppercaseWords", "3.CountUppercaseWords\3.CountUppercaseWords.csproj", "{04E54DC6-42D5-4872-869D-AC7D5E5D374F}"
EndProject
Project("{9A19103F-16F7-4668-BE54-9A1E7A4F7556}") = "3.CountUppercaseWords2", "3.CountUppercaseWords2\3.CountUppercaseWords2.csproj", "{E479E15B-BA38-4450-98F7-AEDF523462CB}"
EndProject
Project("{9A19103F-16F7-4668-BE54-9A1E7A4F7556}") = "4.AddVAT", "4.AddVAT\4.AddVAT.csproj", "{109D8776-4A7F-4F3D-B639-234FA4D1C95C}"
EndProject
Project("{9A19103F-16F7-4668-BE54-9A1E7A4F7556}") = "5.FilterByAge", "5.FilterByAge\5.FilterByAge.csproj", "{8B67FC8B-F065-4DEC-9F50-F731E8D6B708}"
EndProject
Project("{9A19103F-16F7-4668-BE54-9A1E7A4F7556}") = "01.ActionPoint", "01.ActionPoint\01.ActionPoint.csproj", "{1A2828C1-F416-4B46-BC13-154121206C52}"
EndProject
Project("{9A19103F-16F7-4668-BE54-9A1E7A4F7556}") = "02.KnightsOfHonnor", "02.KnightsOfHonnor\02.KnightsOfHonnor.csproj", "{B1EE4216-AEEA-432F-90F0-5623F81EA66B}"
EndProject
Project("{9A19103F-16F7-4668-BE54-9A1E7A4F7556}") = "03.CustomMinFunction", "03.CustomMinFunction\03.CustomMinFunction.csproj", "{30DAF319-D065-4ED9-BB20-FDF54D122184}"
EndProject
Project("{9A19103F-16F7-4668-BE54-9A1E7A4F7556}") = "04.FindEvenOrOdd", "04.FindEvenOrOdd\04.FindEvenOrOdd.csproj", "{B8ED4A9B-01D8-4BEA-ACA1-D8834C1FD321}"
EndProject
Project("{9A19103F-16F7-4668-BE54-9A1E7A4F7556}") = "04.fFindEvenOrOdd2", "04.fFindEvenOrOdd2\04.fFindEvenOrOdd2.csproj", "{05C98D2A-B173-47C7-B545-C864A9D78816}"
EndProject
Project("{9A19103F-16F7-4668-BE54-9A1E7A4F7556}") = "05.AppliedArithmetics", "05.AppliedArithmetics\05.AppliedArithmetics.csproj", "{5AF0751C-C263-4278-9120-32013043043C}"
EndProject
Project("{9A19103F-16F7-4668-BE54-9A1E7A4F7556}") = "06.ReverseAndSubstract", "06.ReverseAndSubstract\06.ReverseAndSubstract.csproj", "{A93EB854-420A-4228-875C-9952758BE52F}"
EndProject
Project("{9A19103F-16F7-4668-BE54-9A1E7A4F7556}") = "07.PredicateForNames", "07.PredicateForNames\07.PredicateForNames.csproj", "{03CF427C-DC4E-4EF7-A790-6CF559E31D19}"
EndProject
Project("{9A19103F-16F7-4668-BE54-9A1E7A4F7556}") = "08.CustomComparator", "08.CustomComparator\08.CustomComparator.csproj", "{4FB65BAA-A976-424C-B4A3-E5A4A23B0B2C}"
EndProject
Project("{9A19103F-16F7-4668-BE54-9A1E7A4F7556}") = "09.ListOfPredicates", "09.ListOfPredicates\09.ListOfPredicates.csproj", "{7BBCB8AD-C755-4639-8F67-90FBB82DF445}"
EndProject
Project("{FAE04EC0-301F-11D3-BF4B-00C04F79EFBC}") = "10.PredicateParty", "10.PredicateParty\10.PredicateParty.csproj", "{0173BDBB-D517-403E-ADC2-F3C5F09A35E2}"
EndProject
Project("{FAE04EC0-301F-11D3-BF4B-00C04F79EFBC}") = "11.PartyReservationFilterModule", "11.PartyReservationFilterModule\11.PartyReservationFilterModule.csproj", "{22597A13-877D-4D75-942D-A42F6B2EAA61}"
EndProject
Global
	GlobalSection(SolutionConfigurationPlatforms) = preSolution
		Debug|Any CPU = Debug|Any CPU
		Release|Any CPU = Release|Any CPU
	EndGlobalSection
	GlobalSection(ProjectConfigurationPlatforms) = postSolution
		{D76254B8-4C2E-4C81-8775-76A92CCD7F01}.Debug|Any CPU.ActiveCfg = Debug|Any CPU
		{D76254B8-4C2E-4C81-8775-76A92CCD7F01}.Debug|Any CPU.Build.0 = Debug|Any CPU
		{D76254B8-4C2E-4C81-8775-76A92CCD7F01}.Release|Any CPU.ActiveCfg = Release|Any CPU
		{D76254B8-4C2E-4C81-8775-76A92CCD7F01}.Release|Any CPU.Build.0 = Release|Any CPU
		{6C8DDCEB-8806-4BB4-BA99-67EF79916B06}.Debug|Any CPU.ActiveCfg = Debug|Any CPU
		{6C8DDCEB-8806-4BB4-BA99-67EF79916B06}.Debug|Any CPU.Build.0 = Debug|Any CPU
		{6C8DDCEB-8806-4BB4-BA99-67EF79916B06}.Release|Any CPU.ActiveCfg = Release|Any CPU
		{6C8DDCEB-8806-4BB4-BA99-67EF79916B06}.Release|Any CPU.Build.0 = Release|Any CPU
		{77F5CBCC-AA4A-47D7-925E-3BC5B8F9170F}.Debug|Any CPU.ActiveCfg = Debug|Any CPU
		{77F5CBCC-AA4A-47D7-925E-3BC5B8F9170F}.Debug|Any CPU.Build.0 = Debug|Any CPU
		{77F5CBCC-AA4A-47D7-925E-3BC5B8F9170F}.Release|Any CPU.ActiveCfg = Release|Any CPU
		{77F5CBCC-AA4A-47D7-925E-3BC5B8F9170F}.Release|Any CPU.Build.0 = Release|Any CPU
		{2060A3C2-D844-4871-93A9-4EDB10CA5BC2}.Debug|Any CPU.ActiveCfg = Debug|Any CPU
		{2060A3C2-D844-4871-93A9-4EDB10CA5BC2}.Debug|Any CPU.Build.0 = Debug|Any CPU
		{2060A3C2-D844-4871-93A9-4EDB10CA5BC2}.Release|Any CPU.ActiveCfg = Release|Any CPU
		{2060A3C2-D844-4871-93A9-4EDB10CA5BC2}.Release|Any CPU.Build.0 = Release|Any CPU
		{555EDBBE-26F9-43A1-8086-0AF216884EED}.Debug|Any CPU.ActiveCfg = Debug|Any CPU
		{555EDBBE-26F9-43A1-8086-0AF216884EED}.Debug|Any CPU.Build.0 = Debug|Any CPU
		{555EDBBE-26F9-43A1-8086-0AF216884EED}.Release|Any CPU.ActiveCfg = Release|Any CPU
		{555EDBBE-26F9-43A1-8086-0AF216884EED}.Release|Any CPU.Build.0 = Release|Any CPU
		{2E9BFE05-E2FD-4900-A777-87B094DB490C}.Debug|Any CPU.ActiveCfg = Debug|Any CPU
		{2E9BFE05-E2FD-4900-A777-87B094DB490C}.Debug|Any CPU.Build.0 = Debug|Any CPU
		{2E9BFE05-E2FD-4900-A777-87B094DB490C}.Release|Any CPU.ActiveCfg = Release|Any CPU
		{2E9BFE05-E2FD-4900-A777-87B094DB490C}.Release|Any CPU.Build.0 = Release|Any CPU
		{90E6D75D-CC9D-4CF0-BFEC-FE8DA99B78AF}.Debug|Any CPU.ActiveCfg = Debug|Any CPU
		{90E6D75D-CC9D-4CF0-BFEC-FE8DA99B78AF}.Debug|Any CPU.Build.0 = Debug|Any CPU
		{90E6D75D-CC9D-4CF0-BFEC-FE8DA99B78AF}.Release|Any CPU.ActiveCfg = Release|Any CPU
		{90E6D75D-CC9D-4CF0-BFEC-FE8DA99B78AF}.Release|Any CPU.Build.0 = Release|Any CPU
		{04E54DC6-42D5-4872-869D-AC7D5E5D374F}.Debug|Any CPU.ActiveCfg = Debug|Any CPU
		{04E54DC6-42D5-4872-869D-AC7D5E5D374F}.Debug|Any CPU.Build.0 = Debug|Any CPU
		{04E54DC6-42D5-4872-869D-AC7D5E5D374F}.Release|Any CPU.ActiveCfg = Release|Any CPU
		{04E54DC6-42D5-4872-869D-AC7D5E5D374F}.Release|Any CPU.Build.0 = Release|Any CPU
		{E479E15B-BA38-4450-98F7-AEDF523462CB}.Debug|Any CPU.ActiveCfg = Debug|Any CPU
		{E479E15B-BA38-4450-98F7-AEDF523462CB}.Debug|Any CPU.Build.0 = Debug|Any CPU
		{E479E15B-BA38-4450-98F7-AEDF523462CB}.Release|Any CPU.ActiveCfg = Release|Any CPU
		{E479E15B-BA38-4450-98F7-AEDF523462CB}.Release|Any CPU.Build.0 = Release|Any CPU
		{109D8776-4A7F-4F3D-B639-234FA4D1C95C}.Debug|Any CPU.ActiveCfg = Debug|Any CPU
		{109D8776-4A7F-4F3D-B639-234FA4D1C95C}.Debug|Any CPU.Build.0 = Debug|Any CPU
		{109D8776-4A7F-4F3D-B639-234FA4D1C95C}.Release|Any CPU.ActiveCfg = Release|Any CPU
		{109D8776-4A7F-4F3D-B639-234FA4D1C95C}.Release|Any CPU.Build.0 = Release|Any CPU
		{8B67FC8B-F065-4DEC-9F50-F731E8D6B708}.Debug|Any CPU.ActiveCfg = Debug|Any CPU
		{8B67FC8B-F065-4DEC-9F50-F731E8D6B708}.Debug|Any CPU.Build.0 = Debug|Any CPU
		{8B67FC8B-F065-4DEC-9F50-F731E8D6B708}.Release|Any CPU.ActiveCfg = Release|Any CPU
		{8B67FC8B-F065-4DEC-9F50-F731E8D6B708}.Release|Any CPU.Build.0 = Release|Any CPU
		{1A2828C1-F416-4B46-BC13-154121206C52}.Debug|Any CPU.ActiveCfg = Debug|Any CPU
		{1A2828C1-F416-4B46-BC13-154121206C52}.Debug|Any CPU.Build.0 = Debug|Any CPU
		{1A2828C1-F416-4B46-BC13-154121206C52}.Release|Any CPU.ActiveCfg = Release|Any CPU
		{1A2828C1-F416-4B46-BC13-154121206C52}.Release|Any CPU.Build.0 = Release|Any CPU
		{B1EE4216-AEEA-432F-90F0-5623F81EA66B}.Debug|Any CPU.ActiveCfg = Debug|Any CPU
		{B1EE4216-AEEA-432F-90F0-5623F81EA66B}.Debug|Any CPU.Build.0 = Debug|Any CPU
		{B1EE4216-AEEA-432F-90F0-5623F81EA66B}.Release|Any CPU.ActiveCfg = Release|Any CPU
		{B1EE4216-AEEA-432F-90F0-5623F81EA66B}.Release|Any CPU.Build.0 = Release|Any CPU
		{30DAF319-D065-4ED9-BB20-FDF54D122184}.Debug|Any CPU.ActiveCfg = Debug|Any CPU
		{30DAF319-D065-4ED9-BB20-FDF54D122184}.Debug|Any CPU.Build.0 = Debug|Any CPU
		{30DAF319-D065-4ED9-BB20-FDF54D122184}.Release|Any CPU.ActiveCfg = Release|Any CPU
		{30DAF319-D065-4ED9-BB20-FDF54D122184}.Release|Any CPU.Build.0 = Release|Any CPU
		{B8ED4A9B-01D8-4BEA-ACA1-D8834C1FD321}.Debug|Any CPU.ActiveCfg = Debug|Any CPU
		{B8ED4A9B-01D8-4BEA-ACA1-D8834C1FD321}.Debug|Any CPU.Build.0 = Debug|Any CPU
		{B8ED4A9B-01D8-4BEA-ACA1-D8834C1FD321}.Release|Any CPU.ActiveCfg = Release|Any CPU
		{B8ED4A9B-01D8-4BEA-ACA1-D8834C1FD321}.Release|Any CPU.Build.0 = Release|Any CPU
		{05C98D2A-B173-47C7-B545-C864A9D78816}.Debug|Any CPU.ActiveCfg = Debug|Any CPU
		{05C98D2A-B173-47C7-B545-C864A9D78816}.Debug|Any CPU.Build.0 = Debug|Any CPU
		{05C98D2A-B173-47C7-B545-C864A9D78816}.Release|Any CPU.ActiveCfg = Release|Any CPU
		{05C98D2A-B173-47C7-B545-C864A9D78816}.Release|Any CPU.Build.0 = Release|Any CPU
		{5AF0751C-C263-4278-9120-32013043043C}.Debug|Any CPU.ActiveCfg = Debug|Any CPU
		{5AF0751C-C263-4278-9120-32013043043C}.Debug|Any CPU.Build.0 = Debug|Any CPU
		{5AF0751C-C263-4278-9120-32013043043C}.Release|Any CPU.ActiveCfg = Release|Any CPU
		{5AF0751C-C263-4278-9120-32013043043C}.Release|Any CPU.Build.0 = Release|Any CPU
		{A93EB854-420A-4228-875C-9952758BE52F}.Debug|Any CPU.ActiveCfg = Debug|Any CPU
		{A93EB854-420A-4228-875C-9952758BE52F}.Debug|Any CPU.Build.0 = Debug|Any CPU
		{A93EB854-420A-4228-875C-9952758BE52F}.Release|Any CPU.ActiveCfg = Release|Any CPU
		{A93EB854-420A-4228-875C-9952758BE52F}.Release|Any CPU.Build.0 = Release|Any CPU
		{03CF427C-DC4E-4EF7-A790-6CF559E31D19}.Debug|Any CPU.ActiveCfg = Debug|Any CPU
		{03CF427C-DC4E-4EF7-A790-6CF559E31D19}.Debug|Any CPU.Build.0 = Debug|Any CPU
		{03CF427C-DC4E-4EF7-A790-6CF559E31D19}.Release|Any CPU.ActiveCfg = Release|Any CPU
		{03CF427C-DC4E-4EF7-A790-6CF559E31D19}.Release|Any CPU.Build.0 = Release|Any CPU
		{4FB65BAA-A976-424C-B4A3-E5A4A23B0B2C}.Debug|Any CPU.ActiveCfg = Debug|Any CPU
		{4FB65BAA-A976-424C-B4A3-E5A4A23B0B2C}.Debug|Any CPU.Build.0 = Debug|Any CPU
		{4FB65BAA-A976-424C-B4A3-E5A4A23B0B2C}.Release|Any CPU.ActiveCfg = Release|Any CPU
		{4FB65BAA-A976-424C-B4A3-E5A4A23B0B2C}.Release|Any CPU.Build.0 = Release|Any CPU
		{7BBCB8AD-C755-4639-8F67-90FBB82DF445}.Debug|Any CPU.ActiveCfg = Debug|Any CPU
		{7BBCB8AD-C755-4639-8F67-90FBB82DF445}.Debug|Any CPU.Build.0 = Debug|Any CPU
		{7BBCB8AD-C755-4639-8F67-90FBB82DF445}.Release|Any CPU.ActiveCfg = Release|Any CPU
		{7BBCB8AD-C755-4639-8F67-90FBB82DF445}.Release|Any CPU.Build.0 = Release|Any CPU
		{0173BDBB-D517-403E-ADC2-F3C5F09A35E2}.Debug|Any CPU.ActiveCfg = Debug|Any CPU
		{0173BDBB-D517-403E-ADC2-F3C5F09A35E2}.Debug|Any CPU.Build.0 = Debug|Any CPU
		{0173BDBB-D517-403E-ADC2-F3C5F09A35E2}.Release|Any CPU.ActiveCfg = Release|Any CPU
		{0173BDBB-D517-403E-ADC2-F3C5F09A35E2}.Release|Any CPU.Build.0 = Release|Any CPU
		{22597A13-877D-4D75-942D-A42F6B2EAA61}.Debug|Any CPU.ActiveCfg = Debug|Any CPU
		{22597A13-877D-4D75-942D-A42F6B2EAA61}.Debug|Any CPU.Build.0 = Debug|Any CPU
		{22597A13-877D-4D75-942D-A42F6B2EAA61}.Release|Any CPU.ActiveCfg = Release|Any CPU
		{22597A13-877D-4D75-942D-A42F6B2EAA61}.Release|Any CPU.Build.0 = Release|Any CPU
	EndGlobalSection
	GlobalSection(SolutionProperties) = preSolution
		HideSolutionNode = FALSE
	EndGlobalSection
	GlobalSection(ExtensibilityGlobals) = postSolution
		SolutionGuid = {6C7CFBEE-C8FD-4D9F-9DA2-8E7E978A0024}
	EndGlobalSection
EndGlobal
