
Microsoft Visual Studio Solution File, Format Version 12.00
# Visual Studio Version 16
VisualStudioVersion = 16.0.30011.22
MinimumVisualStudioVersion = 10.0.40219.1
Project("{FAE04EC0-301F-11D3-BF4B-00C04F79EFBC}") = "Lab", "Lab\Lab.csproj", "{E31648C9-9C66-4196-B21E-8A336076DEA0}"
EndProject
Project("{FAE04EC0-301F-11D3-BF4B-00C04F79EFBC}") = "01.CountSameValuesInArray", "01.CountSameValuesInArray\01.CountSameValuesInArray.csproj", "{591F7642-C863-42E9-AF65-5EDB7CDFD948}"
EndProject
Project("{FAE04EC0-301F-11D3-BF4B-00C04F79EFBC}") = "02.AverageStudentGrades", "02.AverageStudentGrades\02.AverageStudentGrades.csproj", "{08203191-21B1-413C-9C35-BA1AE33D1C2C}"
EndProject
Project("{FAE04EC0-301F-11D3-BF4B-00C04F79EFBC}") = "03.ProductShop", "03.ProductShop\03.ProductShop.csproj", "{364FF143-6A99-4D17-A9A3-458C8B12C3DC}"
EndProject
Global
	GlobalSection(SolutionConfigurationPlatforms) = preSolution
		Debug|Any CPU = Debug|Any CPU
		Release|Any CPU = Release|Any CPU
	EndGlobalSection
	GlobalSection(ProjectConfigurationPlatforms) = postSolution
		{E31648C9-9C66-4196-B21E-8A336076DEA0}.Debug|Any CPU.ActiveCfg = Debug|Any CPU
		{E31648C9-9C66-4196-B21E-8A336076DEA0}.Debug|Any CPU.Build.0 = Debug|Any CPU
		{E31648C9-9C66-4196-B21E-8A336076DEA0}.Release|Any CPU.ActiveCfg = Release|Any CPU
		{E31648C9-9C66-4196-B21E-8A336076DEA0}.Release|Any CPU.Build.0 = Release|Any CPU
		{591F7642-C863-42E9-AF65-5EDB7CDFD948}.Debug|Any CPU.ActiveCfg = Debug|Any CPU
		{591F7642-C863-42E9-AF65-5EDB7CDFD948}.Debug|Any CPU.Build.0 = Debug|Any CPU
		{591F7642-C863-42E9-AF65-5EDB7CDFD948}.Release|Any CPU.ActiveCfg = Release|Any CPU
		{591F7642-C863-42E9-AF65-5EDB7CDFD948}.Release|Any CPU.Build.0 = Release|Any CPU
		{08203191-21B1-413C-9C35-BA1AE33D1C2C}.Debug|Any CPU.ActiveCfg = Debug|Any CPU
		{08203191-21B1-413C-9C35-BA1AE33D1C2C}.Debug|Any CPU.Build.0 = Debug|Any CPU
		{08203191-21B1-413C-9C35-BA1AE33D1C2C}.Release|Any CPU.ActiveCfg = Release|Any CPU
		{08203191-21B1-413C-9C35-BA1AE33D1C2C}.Release|Any CPU.Build.0 = Release|Any CPU
		{364FF143-6A99-4D17-A9A3-458C8B12C3DC}.Debug|Any CPU.ActiveCfg = Debug|Any CPU
		{364FF143-6A99-4D17-A9A3-458C8B12C3DC}.Debug|Any CPU.Build.0 = Debug|Any CPU
		{364FF143-6A99-4D17-A9A3-458C8B12C3DC}.Release|Any CPU.ActiveCfg = Release|Any CPU
		{364FF143-6A99-4D17-A9A3-458C8B12C3DC}.Release|Any CPU.Build.0 = Release|Any CPU
	EndGlobalSection
	GlobalSection(SolutionProperties) = preSolution
		HideSolutionNode = FALSE
	EndGlobalSection
	GlobalSection(ExtensibilityGlobals) = postSolution
		SolutionGuid = {2534DDB5-DA5B-4063-9CCC-E23CB02EF9ED}
	EndGlobalSection
EndGlobal
