
Microsoft Visual Studio Solution File, Format Version 12.00
# Visual Studio Version 16
VisualStudioVersion = 16.0.30011.22
MinimumVisualStudioVersion = 10.0.40219.1
Project("{FAE04EC0-301F-11D3-BF4B-00C04F79EFBC}") = "Pow", "Pow\Pow.csproj", "{B14BF1C4-2767-41A4-A307-5406ED9FF34F}"
EndProject
Project("{FAE04EC0-301F-11D3-BF4B-00C04F79EFBC}") = "Algorithms", "Algorithms\Algorithms.csproj", "{FEE82EBA-46B5-44FB-B6C4-6861FECA351D}"
EndProject
Project("{FAE04EC0-301F-11D3-BF4B-00C04F79EFBC}") = "RecursionTraverseArray", "RecursionTraverseArray\RecursionTraverseArray.csproj", "{7D4FC6F9-2B60-43AE-B6B2-710A853D4FF3}"
EndProject
Project("{FAE04EC0-301F-11D3-BF4B-00C04F79EFBC}") = "RecursiveArraySum", "RecursiveArraySum\RecursiveArraySum.csproj", "{FFF2FFC5-A6AD-429E-8F1F-E73B32F2F907}"
EndProject
Project("{FAE04EC0-301F-11D3-BF4B-00C04F79EFBC}") = "RecursiveFactorial", "RecursiveFactorial\RecursiveFactorial.csproj", "{ECFDC3CE-B016-4494-93D6-46701B7D5543}"
EndProject
Global
	GlobalSection(SolutionConfigurationPlatforms) = preSolution
		Debug|Any CPU = Debug|Any CPU
		Release|Any CPU = Release|Any CPU
	EndGlobalSection
	GlobalSection(ProjectConfigurationPlatforms) = postSolution
		{B14BF1C4-2767-41A4-A307-5406ED9FF34F}.Debug|Any CPU.ActiveCfg = Debug|Any CPU
		{B14BF1C4-2767-41A4-A307-5406ED9FF34F}.Debug|Any CPU.Build.0 = Debug|Any CPU
		{B14BF1C4-2767-41A4-A307-5406ED9FF34F}.Release|Any CPU.ActiveCfg = Release|Any CPU
		{B14BF1C4-2767-41A4-A307-5406ED9FF34F}.Release|Any CPU.Build.0 = Release|Any CPU
		{FEE82EBA-46B5-44FB-B6C4-6861FECA351D}.Debug|Any CPU.ActiveCfg = Debug|Any CPU
		{FEE82EBA-46B5-44FB-B6C4-6861FECA351D}.Debug|Any CPU.Build.0 = Debug|Any CPU
		{FEE82EBA-46B5-44FB-B6C4-6861FECA351D}.Release|Any CPU.ActiveCfg = Release|Any CPU
		{FEE82EBA-46B5-44FB-B6C4-6861FECA351D}.Release|Any CPU.Build.0 = Release|Any CPU
		{7D4FC6F9-2B60-43AE-B6B2-710A853D4FF3}.Debug|Any CPU.ActiveCfg = Debug|Any CPU
		{7D4FC6F9-2B60-43AE-B6B2-710A853D4FF3}.Debug|Any CPU.Build.0 = Debug|Any CPU
		{7D4FC6F9-2B60-43AE-B6B2-710A853D4FF3}.Release|Any CPU.ActiveCfg = Release|Any CPU
		{7D4FC6F9-2B60-43AE-B6B2-710A853D4FF3}.Release|Any CPU.Build.0 = Release|Any CPU
		{FFF2FFC5-A6AD-429E-8F1F-E73B32F2F907}.Debug|Any CPU.ActiveCfg = Debug|Any CPU
		{FFF2FFC5-A6AD-429E-8F1F-E73B32F2F907}.Debug|Any CPU.Build.0 = Debug|Any CPU
		{FFF2FFC5-A6AD-429E-8F1F-E73B32F2F907}.Release|Any CPU.ActiveCfg = Release|Any CPU
		{FFF2FFC5-A6AD-429E-8F1F-E73B32F2F907}.Release|Any CPU.Build.0 = Release|Any CPU
		{ECFDC3CE-B016-4494-93D6-46701B7D5543}.Debug|Any CPU.ActiveCfg = Debug|Any CPU
		{ECFDC3CE-B016-4494-93D6-46701B7D5543}.Debug|Any CPU.Build.0 = Debug|Any CPU
		{ECFDC3CE-B016-4494-93D6-46701B7D5543}.Release|Any CPU.ActiveCfg = Release|Any CPU
		{ECFDC3CE-B016-4494-93D6-46701B7D5543}.Release|Any CPU.Build.0 = Release|Any CPU
	EndGlobalSection
	GlobalSection(SolutionProperties) = preSolution
		HideSolutionNode = FALSE
	EndGlobalSection
	GlobalSection(ExtensibilityGlobals) = postSolution
		SolutionGuid = {624AA609-99D9-4000-8542-FAFC2D1E0894}
	EndGlobalSection
EndGlobal
