
Microsoft Visual Studio Solution File, Format Version 12.00
# Visual Studio Version 16
VisualStudioVersion = 16.0.30011.22
MinimumVisualStudioVersion = 10.0.40219.1
Project("{9A19103F-16F7-4668-BE54-9A1E7A4F7556}") = "BoxOfT", "Generics\BoxOfT.csproj", "{BD975A81-2D97-464D-B486-16344501B607}"
EndProject
Project("{9A19103F-16F7-4668-BE54-9A1E7A4F7556}") = "GenericArrayCreator", "GenericArrayCreator\GenericArrayCreator.csproj", "{3705CF3C-0309-4529-A405-0B8997B9AB30}"
EndProject
Project("{FAE04EC0-301F-11D3-BF4B-00C04F79EFBC}") = "GenericScale", "GenericScale\GenericScale.csproj", "{415C1948-C191-4B03-B731-7FCFF3543806}"
EndProject
Global
	GlobalSection(SolutionConfigurationPlatforms) = preSolution
		Debug|Any CPU = Debug|Any CPU
		Release|Any CPU = Release|Any CPU
	EndGlobalSection
	GlobalSection(ProjectConfigurationPlatforms) = postSolution
		{BD975A81-2D97-464D-B486-16344501B607}.Debug|Any CPU.ActiveCfg = Debug|Any CPU
		{BD975A81-2D97-464D-B486-16344501B607}.Debug|Any CPU.Build.0 = Debug|Any CPU
		{BD975A81-2D97-464D-B486-16344501B607}.Release|Any CPU.ActiveCfg = Release|Any CPU
		{BD975A81-2D97-464D-B486-16344501B607}.Release|Any CPU.Build.0 = Release|Any CPU
		{3705CF3C-0309-4529-A405-0B8997B9AB30}.Debug|Any CPU.ActiveCfg = Debug|Any CPU
		{3705CF3C-0309-4529-A405-0B8997B9AB30}.Debug|Any CPU.Build.0 = Debug|Any CPU
		{3705CF3C-0309-4529-A405-0B8997B9AB30}.Release|Any CPU.ActiveCfg = Release|Any CPU
		{3705CF3C-0309-4529-A405-0B8997B9AB30}.Release|Any CPU.Build.0 = Release|Any CPU
		{415C1948-C191-4B03-B731-7FCFF3543806}.Debug|Any CPU.ActiveCfg = Debug|Any CPU
		{415C1948-C191-4B03-B731-7FCFF3543806}.Debug|Any CPU.Build.0 = Debug|Any CPU
		{415C1948-C191-4B03-B731-7FCFF3543806}.Release|Any CPU.ActiveCfg = Release|Any CPU
		{415C1948-C191-4B03-B731-7FCFF3543806}.Release|Any CPU.Build.0 = Release|Any CPU
	EndGlobalSection
	GlobalSection(SolutionProperties) = preSolution
		HideSolutionNode = FALSE
	EndGlobalSection
	GlobalSection(ExtensibilityGlobals) = postSolution
		SolutionGuid = {C723C375-009A-4C3B-9242-B6935AB0403A}
	EndGlobalSection
EndGlobal
