
Microsoft Visual Studio Solution File, Format Version 12.00
# Visual Studio Version 16
VisualStudioVersion = 16.0.30011.22
MinimumVisualStudioVersion = 10.0.40219.1
Project("{9A19103F-16F7-4668-BE54-9A1E7A4F7556}") = "BoxOfT", "Generics\BoxOfT.csproj", "{BD975A81-2D97-464D-B486-16344501B607}"
EndProject
Project("{9A19103F-16F7-4668-BE54-9A1E7A4F7556}") = "GenericArrayCreator", "GenericArrayCreator\GenericArrayCreator.csproj", "{3705CF3C-0309-4529-A405-0B8997B9AB30}"
EndProject
Project("{FAE04EC0-301F-11D3-BF4B-00C04F79EFBC}") = "GenericScale", "GenericScale\GenericScale.csproj", "{415C1948-C191-4B03-B731-7FCFF3543806}"
EndProject
Project("{FAE04EC0-301F-11D3-BF4B-00C04F79EFBC}") = "GenericBoxofString", "GenericBoxofString\GenericBoxofString.csproj", "{E082A6FF-C2FD-4E26-BADF-F2D3810E517B}"
EndProject
Project("{FAE04EC0-301F-11D3-BF4B-00C04F79EFBC}") = "GenericBoxofInteger", "GenericBoxofInteger\GenericBoxofInteger.csproj", "{CD1F68D6-81DD-4BFA-92BA-91A267EBDD91}"
EndProject
Project("{FAE04EC0-301F-11D3-BF4B-00C04F79EFBC}") = "GenericSwapMethodStrings", "GenericSwapMethodStrings\GenericSwapMethodStrings.csproj", "{41940AC3-C6C2-45D7-983F-838DBFC868A0}"
EndProject
Project("{FAE04EC0-301F-11D3-BF4B-00C04F79EFBC}") = "GenericCountMethodStrings", "GenericCountMethodStrings\GenericCountMethodStrings.csproj", "{0D405EE3-8EB0-4C39-9AB5-4D2DBD889961}"
EndProject
Project("{FAE04EC0-301F-11D3-BF4B-00C04F79EFBC}") = "Tuple", "Tuple\Tuple.csproj", "{63A93571-2105-4D55-962F-6FE37DD3F0A1}"
EndProject
Project("{FAE04EC0-301F-11D3-BF4B-00C04F79EFBC}") = "CustomLinkedList", "CustomLinkedList\CustomLinkedList.csproj", "{C39871F5-CD33-4E9D-BA33-4B923EF070EB}"
EndProject
Global
	GlobalSection(SolutionConfigurationPlatforms) = preSolution
		Debug|Any CPU = Debug|Any CPU
		Release|Any CPU = Release|Any CPU
	EndGlobalSection
	GlobalSection(ProjectConfigurationPlatforms) = postSolution
		{BD975A81-2D97-464D-B486-16344501B607}.Debug|Any CPU.ActiveCfg = Debug|Any CPU
		{BD975A81-2D97-464D-B486-16344501B607}.Debug|Any CPU.Build.0 = Debug|Any CPU
		{BD975A81-2D97-464D-B486-16344501B607}.Release|Any CPU.ActiveCfg = Release|Any CPU
		{BD975A81-2D97-464D-B486-16344501B607}.Release|Any CPU.Build.0 = Release|Any CPU
		{3705CF3C-0309-4529-A405-0B8997B9AB30}.Debug|Any CPU.ActiveCfg = Debug|Any CPU
		{3705CF3C-0309-4529-A405-0B8997B9AB30}.Debug|Any CPU.Build.0 = Debug|Any CPU
		{3705CF3C-0309-4529-A405-0B8997B9AB30}.Release|Any CPU.ActiveCfg = Release|Any CPU
		{3705CF3C-0309-4529-A405-0B8997B9AB30}.Release|Any CPU.Build.0 = Release|Any CPU
		{415C1948-C191-4B03-B731-7FCFF3543806}.Debug|Any CPU.ActiveCfg = Debug|Any CPU
		{415C1948-C191-4B03-B731-7FCFF3543806}.Debug|Any CPU.Build.0 = Debug|Any CPU
		{415C1948-C191-4B03-B731-7FCFF3543806}.Release|Any CPU.ActiveCfg = Release|Any CPU
		{415C1948-C191-4B03-B731-7FCFF3543806}.Release|Any CPU.Build.0 = Release|Any CPU
		{E082A6FF-C2FD-4E26-BADF-F2D3810E517B}.Debug|Any CPU.ActiveCfg = Debug|Any CPU
		{E082A6FF-C2FD-4E26-BADF-F2D3810E517B}.Debug|Any CPU.Build.0 = Debug|Any CPU
		{E082A6FF-C2FD-4E26-BADF-F2D3810E517B}.Release|Any CPU.ActiveCfg = Release|Any CPU
		{E082A6FF-C2FD-4E26-BADF-F2D3810E517B}.Release|Any CPU.Build.0 = Release|Any CPU
		{CD1F68D6-81DD-4BFA-92BA-91A267EBDD91}.Debug|Any CPU.ActiveCfg = Debug|Any CPU
		{CD1F68D6-81DD-4BFA-92BA-91A267EBDD91}.Debug|Any CPU.Build.0 = Debug|Any CPU
		{CD1F68D6-81DD-4BFA-92BA-91A267EBDD91}.Release|Any CPU.ActiveCfg = Release|Any CPU
		{CD1F68D6-81DD-4BFA-92BA-91A267EBDD91}.Release|Any CPU.Build.0 = Release|Any CPU
		{41940AC3-C6C2-45D7-983F-838DBFC868A0}.Debug|Any CPU.ActiveCfg = Debug|Any CPU
		{41940AC3-C6C2-45D7-983F-838DBFC868A0}.Debug|Any CPU.Build.0 = Debug|Any CPU
		{41940AC3-C6C2-45D7-983F-838DBFC868A0}.Release|Any CPU.ActiveCfg = Release|Any CPU
		{41940AC3-C6C2-45D7-983F-838DBFC868A0}.Release|Any CPU.Build.0 = Release|Any CPU
		{0D405EE3-8EB0-4C39-9AB5-4D2DBD889961}.Debug|Any CPU.ActiveCfg = Debug|Any CPU
		{0D405EE3-8EB0-4C39-9AB5-4D2DBD889961}.Debug|Any CPU.Build.0 = Debug|Any CPU
		{0D405EE3-8EB0-4C39-9AB5-4D2DBD889961}.Release|Any CPU.ActiveCfg = Release|Any CPU
		{0D405EE3-8EB0-4C39-9AB5-4D2DBD889961}.Release|Any CPU.Build.0 = Release|Any CPU
		{63A93571-2105-4D55-962F-6FE37DD3F0A1}.Debug|Any CPU.ActiveCfg = Debug|Any CPU
		{63A93571-2105-4D55-962F-6FE37DD3F0A1}.Debug|Any CPU.Build.0 = Debug|Any CPU
		{63A93571-2105-4D55-962F-6FE37DD3F0A1}.Release|Any CPU.ActiveCfg = Release|Any CPU
		{63A93571-2105-4D55-962F-6FE37DD3F0A1}.Release|Any CPU.Build.0 = Release|Any CPU
		{C39871F5-CD33-4E9D-BA33-4B923EF070EB}.Debug|Any CPU.ActiveCfg = Debug|Any CPU
		{C39871F5-CD33-4E9D-BA33-4B923EF070EB}.Debug|Any CPU.Build.0 = Debug|Any CPU
		{C39871F5-CD33-4E9D-BA33-4B923EF070EB}.Release|Any CPU.ActiveCfg = Release|Any CPU
		{C39871F5-CD33-4E9D-BA33-4B923EF070EB}.Release|Any CPU.Build.0 = Release|Any CPU
	EndGlobalSection
	GlobalSection(SolutionProperties) = preSolution
		HideSolutionNode = FALSE
	EndGlobalSection
	GlobalSection(ExtensibilityGlobals) = postSolution
		SolutionGuid = {C723C375-009A-4C3B-9242-B6935AB0403A}
	EndGlobalSection
EndGlobal
